{
    "_meta": {
        "hash": {
            "sha256": "c7fcbb873d9784b4de6cdc5efd29243fc5f554b8f8048b9ae3bc7082c3a2cfb9"
        },
        "pipfile-spec": 6,
        "requires": {
            "python_version": "3.9"
        },
        "sources": [
            {
                "name": "pypi",
                "url": "https://pypi.org/simple",
                "verify_ssl": true
            }
        ]
    },
    "default": {
        "imutils": {
            "hashes": [
                "sha256:03827a9fca8b5c540305c0844a62591cf35a0caec199cb0f2f0a4a0fb15d8f24"
            ],
            "index": "pypi",
            "version": "==0.5.4"
        },
        "numpy": {
            "hashes": [
                "sha256:011e4c430f2e2739e0d182cb7e2b5d47adc46a8db49a788e5798805b7878c4ba",
                "sha256:013fa3500a6e5b3ba51401056aa9c41d83a7e737959d15f288d410f26cc33896",
                "sha256:0ebb646ef72a2348036ed1692e6bb3f3dd4f8d026681b7168a9ac988d9832c27",
                "sha256:21613822dd597d4645c586ac21910fded5344f843410dace91c129a38c31d8be",
                "sha256:2242fa31413e40847016234485f228fa5e082b0c555d3db65fe9aa4efcfb8d8d",
                "sha256:2934fb435d85341efb40f9db637a203a042300afdaa49f833608df21a5d8ae30",
                "sha256:56109e7e9b205439990e90682163d8155cf5743efe65c30221ef3834621ffd3f",
                "sha256:5e56515f5abb493bd32d2196ecd3ce794792419adfb7d8b4cccd4ddaf74ab924",
                "sha256:6730a1495f1acedd97e82e32cca4d8dbe07b89f01f395ca02ca4a9e110d9519d",
                "sha256:6759e6dafd96454be2d6dd80674293322191639400832688cd234c5f483ce1a9",
                "sha256:7dbfa0abe053afbcb9e61ec1557556e4e30c3e4b5df4ec7849bf245e8c09feec",
                "sha256:8c5016694b9bda77cda32ebfdde34d2246978ed4c49e9baab26bcf38621b7390",
                "sha256:91bb1e29d74a90861e878b0c7bc941a1c0ac051cb4b171dc242e66953c95ca1e",
                "sha256:a2dd58beb8a8266d704a76692e8eb76ff20f5b2940db7aeee216c2dbf226e5c6",
                "sha256:b00d9bf43cc8975cf5e0c211d218e75a3f5ce1ae34dc84d8a489c28a0dba7848",
                "sha256:b0ed56b9d7535d654d2a0478333cc08d1b9849767eafd07e1f6a3d8d90a2cad0",
                "sha256:bc991b3f8ea7c0f6703df2bc23c098cfe6f1a3a5e8a3a901eb6a5619275d53ff",
                "sha256:ccf027e3bbcd06b5c26a0196ddfc24c4d09d2001cc5d38738efff9d9ac8dee58",
                "sha256:d0be0eb7df39f0e0732d73250de55e1dcc8086c23db970d5eab85dbf0713502d",
                "sha256:e48368972e0999af098e0a6e9a3573895fd4c3b0b2d8c5cf215b17910cd6c124",
                "sha256:e981667470ae74f06cfd0d54c5fa9cd88661a27eccaac2cba505039f0b29dc2e",
                "sha256:eb6dd744a9f94b424bf70d62b7874798ea95b6b58fb63ec651b69a46872e5bd5"
            ],
            "markers": "python_version >= '3.8'",
            "version": "==1.22.0rc1"
        },
        "opencv-contrib-python": {
            "hashes": [
                "sha256:04da9108ec56065874c1725919b60daa1b4e447bd96ab646271e609fc81a0a66",
                "sha256:04f26541355b3050ab1112b31244bfbccc4ab7733505365708c38a3e8d50dfb4",
                "sha256:0e262f552309c6e14d227e2a5ac05883071b34fa4620bc92c5e4d242ba405086",
                "sha256:1334c943aa6778f2a07f583d4cd9349bdc4fa5d37574aa7392b4bbb9de7b1fb5",
                "sha256:192a6deae66dfa8c9ddefed648b3e5426064b4505e4a0d3bee84bfdf30c8721d",
                "sha256:1af5e0bd242b13ceaf1d0701c93cb049e4a4d1aacc0b27f2c8994488aa4a4fee",
                "sha256:266bbb889b7d802cf9bd19f9e7e7781d8c4eefc2dd4239bc7457c9b941c24d71",
                "sha256:28caf69b6db4da76f5013428a5a2791b276b44e79ab9f70ac1a17fd0a208533b",
                "sha256:30822deccc472a41396f0c41f1bb78ba7f9be7a0570c393fb1616c074edcfdc5",
                "sha256:3883eab2466d2ec61599a35049f13c5388c2bb475fbf4e67256b09b9c9546adc",
                "sha256:591aafc520012d39ed02f7539b6867a5f675d66096e4975caeddd54eb8c7eb8d",
                "sha256:5d176dce016128240550fd2b3d7d16c4baf8b09718433fca0a897993eb282f5d",
                "sha256:7b590143d2b66b2319b412213c0d199c67e8e271860e24d81a812f7c124b8cf5",
                "sha256:82e528bef86eab4ab349ff9e1271044b2b5c193b55d996b377473e73e3cbf2bf",
                "sha256:8cec83d99a64991c81cdd3e96fbe5ec7e31dc83504ca7db64419c267f55fde61",
                "sha256:918ee9b93d2edd366ce06a47ba690e80167a9aff1697a54225eaaf8b5f6218ba",
                "sha256:9bfe29d62a2001cde2f93a75173917ed40e62e4a5f1ee2af98800143a2ebee66",
                "sha256:9febb96a2dad037b54f4100f0bda190229c5cbc3a4c4e01b6e15156132f82b3b",
                "sha256:a420f8f655897af2b3aa3698c4316012f23aa9d97b1c1951549d77890b9fb486",
                "sha256:ab8ed9b9350dc3c978aba535bae01e1b5556a747cb694b261160bea176184473",
                "sha256:bcc912e9b78fe3f971f1e3f41104836322aa329c5f63197f4cf9942d30b69f6f",
                "sha256:c1383f374c32353e12090f2c4a82a352312e318fd6f4353ef3ecb85a5666f2bf",
                "sha256:c91b925136a72459990c76e4996292c7265a4debd8b79f7e2a0f815f506eb2ef",
                "sha256:ca45f1d5c55aab5caecc303d70abc1b21aff8c4db26a44f479b637f8b2c0686f",
                "sha256:d954c9af03e383905ec7c68b524817d676a311d5a94cc8b5383ec1bf92027230",
                "sha256:dc36943cdbb102a4e1a8390b27eb57ae8325038c24ce7cef3426e999406ad7fa",
                "sha256:debc5058fea20b4981b752218236424e0d9844a193c40ac98c3a74c03e82d277",
                "sha256:ec2ae7cefb5715da1ef6a72912d270cec9c973e87d5213f3792a17cd369d416f",
                "sha256:f8058c16abe7bea9931b8f882b1f31d0e3401365c1ad6e853be24127a1d1b8e8",
                "sha256:f9fea4651419f69947e125861c87be1bac980dc0f6537b0c1573fe9ada82c444"
            ],
            "index": "pypi",
            "version": "==4.5.4.60"
        },
        "pillow": {
            "hashes": [
                "sha256:066f3999cb3b070a95c3652712cffa1a748cd02d60ad7b4e485c3748a04d9d76",
                "sha256:0a0956fdc5defc34462bb1c765ee88d933239f9a94bc37d132004775241a7585",
                "sha256:0b052a619a8bfcf26bd8b3f48f45283f9e977890263e4571f2393ed8898d331b",
                "sha256:1394a6ad5abc838c5cd8a92c5a07535648cdf6d09e8e2d6df916dfa9ea86ead8",
                "sha256:1bc723b434fbc4ab50bb68e11e93ce5fb69866ad621e3c2c9bdb0cd70e345f55",
                "sha256:244cf3b97802c34c41905d22810846802a3329ddcb93ccc432870243211c79fc",
                "sha256:25a49dc2e2f74e65efaa32b153527fc5ac98508d502fa46e74fa4fd678ed6645",
                "sha256:2e4440b8f00f504ee4b53fe30f4e381aae30b0568193be305256b1462216feff",
                "sha256:3862b7256046fcd950618ed22d1d60b842e3a40a48236a5498746f21189afbbc",
                "sha256:3eb1ce5f65908556c2d8685a8f0a6e989d887ec4057326f6c22b24e8a172c66b",
                "sha256:3f97cfb1e5a392d75dd8b9fd274d205404729923840ca94ca45a0af57e13dbe6",
                "sha256:493cb4e415f44cd601fcec11c99836f707bb714ab03f5ed46ac25713baf0ff20",
                "sha256:4acc0985ddf39d1bc969a9220b51d94ed51695d455c228d8ac29fcdb25810e6e",
                "sha256:5503c86916d27c2e101b7f71c2ae2cddba01a2cf55b8395b0255fd33fa4d1f1a",
                "sha256:5b7bb9de00197fb4261825c15551adf7605cf14a80badf1761d61e59da347779",
                "sha256:5e9ac5f66616b87d4da618a20ab0a38324dbe88d8a39b55be8964eb520021e02",
                "sha256:620582db2a85b2df5f8a82ddeb52116560d7e5e6b055095f04ad828d1b0baa39",
                "sha256:62cc1afda735a8d109007164714e73771b499768b9bb5afcbbee9d0ff374b43f",
                "sha256:70ad9e5c6cb9b8487280a02c0ad8a51581dcbbe8484ce058477692a27c151c0a",
                "sha256:72b9e656e340447f827885b8d7a15fc8c4e68d410dc2297ef6787eec0f0ea409",
                "sha256:72cbcfd54df6caf85cc35264c77ede902452d6df41166010262374155947460c",
                "sha256:792e5c12376594bfcb986ebf3855aa4b7c225754e9a9521298e460e92fb4a488",
                "sha256:7b7017b61bbcdd7f6363aeceb881e23c46583739cb69a3ab39cb384f6ec82e5b",
                "sha256:81f8d5c81e483a9442d72d182e1fb6dcb9723f289a57e8030811bac9ea3fef8d",
                "sha256:82aafa8d5eb68c8463b6e9baeb4f19043bb31fefc03eb7b216b51e6a9981ae09",
                "sha256:84c471a734240653a0ec91dec0996696eea227eafe72a33bd06c92697728046b",
                "sha256:8c803ac3c28bbc53763e6825746f05cc407b20e4a69d0122e526a582e3b5e153",
                "sha256:93ce9e955cc95959df98505e4608ad98281fff037350d8c2671c9aa86bcf10a9",
                "sha256:9a3e5ddc44c14042f0844b8cf7d2cd455f6cc80fd7f5eefbe657292cf601d9ad",
                "sha256:a4901622493f88b1a29bd30ec1a2f683782e57c3c16a2dbc7f2595ba01f639df",
                "sha256:a5a4532a12314149d8b4e4ad8ff09dde7427731fcfa5917ff16d0291f13609df",
                "sha256:b8831cb7332eda5dc89b21a7bce7ef6ad305548820595033a4b03cf3091235ed",
                "sha256:b8e2f83c56e141920c39464b852de3719dfbfb6e3c99a2d8da0edf4fb33176ed",
                "sha256:c70e94281588ef053ae8998039610dbd71bc509e4acbc77ab59d7d2937b10698",
                "sha256:c8a17b5d948f4ceeceb66384727dde11b240736fddeda54ca740b9b8b1556b29",
                "sha256:d82cdb63100ef5eedb8391732375e6d05993b765f72cb34311fab92103314649",
                "sha256:d89363f02658e253dbd171f7c3716a5d340a24ee82d38aab9183f7fdf0cdca49",
                "sha256:d99ec152570e4196772e7a8e4ba5320d2d27bf22fdf11743dd882936ed64305b",
                "sha256:ddc4d832a0f0b4c52fff973a0d44b6c99839a9d016fe4e6a1cb8f3eea96479c2",
                "sha256:e3dacecfbeec9a33e932f00c6cd7996e62f53ad46fbe677577394aaa90ee419a",
                "sha256:eb9fc393f3c61f9054e1ed26e6fe912c7321af2f41ff49d3f83d05bacf22cc78"
            ],
            "index": "pypi",
            "version": "==8.4.0"
        }
    },
    "develop": {
        "black": {
            "hashes": [
                "sha256:802c6c30b637b28645b7fde282ed2569c0cd777dbe493a41b6a03c1d903f99ac",
                "sha256:a042adbb18b3262faad5aff4e834ff186bb893f95ba3a8013f09de1e5569def2"
            ],
            "index": "pypi",
            "version": "==21.11b1"
        },
        "click": {
            "hashes": [
                "sha256:353f466495adaeb40b6b5f592f9f91cb22372351c84caeb068132442a4518ef3",
                "sha256:410e932b050f5eed773c4cda94de75971c89cdb3155a72a0831139a79e5ecb5b"
            ],
            "markers": "python_version >= '3.6'",
            "version": "==8.0.3"
        },
        "colorama": {
            "hashes": [
                "sha256:5941b2b48a20143d2267e95b1c2a7603ce057ee39fd88e7329b0c292aa16869b",
                "sha256:9f47eda37229f68eee03b24b9748937c7dc3868f906e8ba69fbcbdd3bc5dc3e2"
            ],
            "markers": "platform_system == 'Windows'",
            "version": "==0.4.4"
        },
        "mypy-extensions": {
            "hashes": [
                "sha256:090fedd75945a69ae91ce1303b5824f428daf5a028d2f6ab8a299250a846f15d",
                "sha256:2d82818f5bb3e369420cb3c4060a7970edba416647068eb4c5343488a6c604a8"
            ],
            "version": "==0.4.3"
        },
        "pathspec": {
            "hashes": [
                "sha256:7d15c4ddb0b5c802d161efc417ec1a2558ea2653c2e8ad9c19098201dc1c993a",
                "sha256:e564499435a2673d586f6b2130bb5b95f04a3ba06f81b8f895b651a3c76aabb1"
            ],
            "version": "==0.9.0"
        },
        "platformdirs": {
            "hashes": [
                "sha256:367a5e80b3d04d2428ffa76d33f124cf11e8fff2acdaa9b43d545f5c7d661ef2",
                "sha256:8868bbe3c3c80d42f20156f22e7131d2fb321f5bc86a2a345375c6481a67021d"
            ],
            "markers": "python_version >= '3.6'",
            "version": "==2.4.0"
        },
        "regex": {
            "hashes": [
                "sha256:0416f7399e918c4b0e074a0f66e5191077ee2ca32a0f99d4c187a62beb47aa05",
                "sha256:05b7d6d7e64efe309972adab77fc2af8907bb93217ec60aa9fe12a0dad35874f",
                "sha256:0617383e2fe465732af4509e61648b77cbe3aee68b6ac8c0b6fe934db90be5cc",
                "sha256:07856afef5ffcc052e7eccf3213317fbb94e4a5cd8177a2caa69c980657b3cb4",
                "sha256:0f594b96fe2e0821d026365f72ac7b4f0b487487fb3d4aaf10dd9d97d88a9737",
                "sha256:139a23d1f5d30db2cc6c7fd9c6d6497872a672db22c4ae1910be22d4f4b2068a",
                "sha256:162abfd74e88001d20cb73ceaffbfe601469923e875caf9118333b1a4aaafdc4",
                "sha256:2207ae4f64ad3af399e2d30dde66f0b36ae5c3129b52885f1bffc2f05ec505c8",
                "sha256:2409b5c9cef7054dde93a9803156b411b677affc84fca69e908b1cb2c540025d",
                "sha256:2fee3ed82a011184807d2127f1733b4f6b2ff6ec7151d83ef3477f3b96a13d03",
                "sha256:30ab804ea73972049b7a2a5c62d97687d69b5a60a67adca07eb73a0ddbc9e29f",
                "sha256:3598893bde43091ee5ca0a6ad20f08a0435e93a69255eeb5f81b85e81e329264",
                "sha256:3b5df18db1fccd66de15aa59c41e4f853b5df7550723d26aa6cb7f40e5d9da5a",
                "sha256:3c5fb32cc6077abad3bbf0323067636d93307c9fa93e072771cf9a64d1c0f3ef",
                "sha256:416c5f1a188c91e3eb41e9c8787288e707f7d2ebe66e0a6563af280d9b68478f",
                "sha256:42b50fa6666b0d50c30a990527127334d6b96dd969011e843e726a64011485da",
                "sha256:432bd15d40ed835a51617521d60d0125867f7b88acf653e4ed994a1f8e4995dc",
                "sha256:473e67837f786404570eae33c3b64a4b9635ae9f00145250851a1292f484c063",
                "sha256:4aaa4e0705ef2b73dd8e36eeb4c868f80f8393f5f4d855e94025ce7ad8525f50",
                "sha256:50a7ddf3d131dc5633dccdb51417e2d1910d25cbcf842115a3a5893509140a3a",
                "sha256:529801a0d58809b60b3531ee804d3e3be4b412c94b5d267daa3de7fadef00f49",
                "sha256:537ca6a3586931b16a85ac38c08cc48f10fc870a5b25e51794c74df843e9966d",
                "sha256:53db2c6be8a2710b359bfd3d3aa17ba38f8aa72a82309a12ae99d3c0c3dcd74d",
                "sha256:5537f71b6d646f7f5f340562ec4c77b6e1c915f8baae822ea0b7e46c1f09b733",
                "sha256:563d5f9354e15e048465061509403f68424fef37d5add3064038c2511c8f5e00",
                "sha256:5d408a642a5484b9b4d11dea15a489ea0928c7e410c7525cd892f4d04f2f617b",
                "sha256:61600a7ca4bcf78a96a68a27c2ae9389763b5b94b63943d5158f2a377e09d29a",
                "sha256:6650f16365f1924d6014d2ea770bde8555b4a39dc9576abb95e3cd1ff0263b36",
                "sha256:666abff54e474d28ff42756d94544cdfd42e2ee97065857413b72e8a2d6a6345",
                "sha256:68a067c11463de2a37157930d8b153005085e42bcb7ad9ca562d77ba7d1404e0",
                "sha256:6e1d2cc79e8dae442b3fa4a26c5794428b98f81389af90623ffcc650ce9f6732",
                "sha256:74cbeac0451f27d4f50e6e8a8f3a52ca074b5e2da9f7b505c4201a57a8ed6286",
                "sha256:780b48456a0f0ba4d390e8b5f7c661fdd218934388cde1a974010a965e200e12",
                "sha256:788aef3549f1924d5c38263104dae7395bf020a42776d5ec5ea2b0d3d85d6646",
                "sha256:7ee1227cf08b6716c85504aebc49ac827eb88fcc6e51564f010f11a406c0a667",
                "sha256:7f301b11b9d214f83ddaf689181051e7f48905568b0c7017c04c06dfd065e244",
                "sha256:83ee89483672b11f8952b158640d0c0ff02dc43d9cb1b70c1564b49abe92ce29",
                "sha256:85bfa6a5413be0ee6c5c4a663668a2cad2cbecdee367630d097d7823041bdeec",
                "sha256:9345b6f7ee578bad8e475129ed40123d265464c4cfead6c261fd60fc9de00bcf",
                "sha256:93a5051fcf5fad72de73b96f07d30bc29665697fb8ecdfbc474f3452c78adcf4",
                "sha256:962b9a917dd7ceacbe5cd424556914cb0d636001e393b43dc886ba31d2a1e449",
                "sha256:96fc32c16ea6d60d3ca7f63397bff5c75c5a562f7db6dec7d412f7c4d2e78ec0",
                "sha256:98ba568e8ae26beb726aeea2273053c717641933836568c2a0278a84987b2a1a",
                "sha256:a3feefd5e95871872673b08636f96b61ebef62971eab044f5124fb4dea39919d",
                "sha256:a955b747d620a50408b7fdf948e04359d6e762ff8a85f5775d907ceced715129",
                "sha256:b43c2b8a330a490daaef5a47ab114935002b13b3f9dc5da56d5322ff218eeadb",
                "sha256:b483c9d00a565633c87abd0aaf27eb5016de23fed952e054ecc19ce32f6a9e7e",
                "sha256:b9ed0b1e5e0759d6b7f8e2f143894b2a7f3edd313f38cf44e1e15d360e11749b",
                "sha256:ba05430e819e58544e840a68b03b28b6d328aff2e41579037e8bab7653b37d83",
                "sha256:ca49e1ab99593438b204e00f3970e7a5f70d045267051dfa6b5f4304fcfa1dbf",
                "sha256:ca5f18a75e1256ce07494e245cdb146f5a9267d3c702ebf9b65c7f8bd843431e",
                "sha256:cd410a1cbb2d297c67d8521759ab2ee3f1d66206d2e4328502a487589a2cb21b",
                "sha256:ce298e3d0c65bd03fa65ffcc6db0e2b578e8f626d468db64fdf8457731052942",
                "sha256:d5ca078bb666c4a9d1287a379fe617a6dccd18c3e8a7e6c7e1eb8974330c626a",
                "sha256:d5fd67df77bab0d3f4ea1d7afca9ef15c2ee35dfb348c7b57ffb9782a6e4db6e",
                "sha256:da1a90c1ddb7531b1d5ff1e171b4ee61f6345119be7351104b67ff413843fe94",
                "sha256:dba70f30fd81f8ce6d32ddeef37d91c8948e5d5a4c63242d16a2b2df8143aafc",
                "sha256:dc07f021ee80510f3cd3af2cad5b6a3b3a10b057521d9e6aaeb621730d320c5a",
                "sha256:dd33eb9bdcfbabab3459c9ee651d94c842bc8a05fabc95edf4ee0c15a072495e",
                "sha256:e0538c43565ee6e703d3a7c3bdfe4037a5209250e8502c98f20fea6f5fdf2965",
                "sha256:e1f54b9b4b6c53369f40028d2dd07a8c374583417ee6ec0ea304e710a20f80a0",
                "sha256:e32d2a2b02ccbef10145df9135751abea1f9f076e67a4e261b05f24b94219e36",
                "sha256:e6096b0688e6e14af6a1b10eaad86b4ff17935c49aa774eac7c95a57a4e8c296",
                "sha256:e71255ba42567d34a13c03968736c5d39bb4a97ce98188fafb27ce981115beec",
                "sha256:ed2e07c6a26ed4bea91b897ee2b0835c21716d9a469a96c3e878dc5f8c55bb23",
                "sha256:eef2afb0fd1747f33f1ee3e209bce1ed582d1896b240ccc5e2697e3275f037c7",
                "sha256:f23222527b307970e383433daec128d769ff778d9b29343fb3496472dc20dabe",
                "sha256:f341ee2df0999bfdf7a95e448075effe0db212a59387de1a70690e4acb03d4c6",
                "sha256:f5be7805e53dafe94d295399cfbe5227f39995a997f4fd8539bf3cbdc8f47ca8",
                "sha256:f7f325be2804246a75a4f45c72d4ce80d2443ab815063cdf70ee8fb2ca59ee1b",
                "sha256:f8af619e3be812a2059b212064ea7a640aff0568d972cd1b9e920837469eb3cb",
                "sha256:fa8c626d6441e2d04b6ee703ef2d1e17608ad44c7cb75258c09dd42bacdfc64b",
                "sha256:fbb9dc00e39f3e6c0ef48edee202f9520dafb233e8b51b06b8428cfcb92abd30",
                "sha256:fff55f3ce50a3ff63ec8e2a8d3dd924f1941b250b0aac3d3d42b687eeff07a8e"
            ],
            "version": "==2021.11.10"
        },
        "tomli": {
            "hashes": [
                "sha256:c6ce0015eb38820eaf32b5db832dbc26deb3dd427bd5f6556cf0acac2c214fee",
                "sha256:f04066f68f5554911363063a30b108d2b5a5b1a010aa8b6132af78489fe3aade"
            ],
            "markers": "python_version >= '3.6'",
            "version": "==1.2.2"
        },
        "typing-extensions": {
            "hashes": [
                "sha256:4ca091dea149f945ec56afb48dae714f21e8692ef22a395223bcd328961b6a0e",
                "sha256:7f001e5ac290a0c0401508864c7ec868be4e701886d5b573a9528ed3973d9d3b"
            ],
            "markers": "python_version >= '3.6'",
            "version": "==4.0.1"
        }
    }
}
